{
  "nodes": {
    "microvm": {
      "inputs": {
        "nixpkgs": [
          "nixpkgs"
        ],
        "spectrum": "spectrum"
      },
      "locked": {
        "lastModified": 1779641751,
        "narHash": "sha256-xSEiY1kZoCHX7bzeDe6fzwnaG9Mjd/WrJ4MEWJghI/Q=",
        "owner": "astro",
        "repo": "microvm.nix",
        "rev": "4fe5ab55ef830e4b2d82d37ef7a5aca6e7b0e5f8",
        "type": "github"
      },
      "original": {
        "owner": "astro",
        "repo": "microvm.nix",
        "type": "github"
      }
    },
    "nixos-fhs-compat": {
      "locked": {
        "lastModified": 1709818295,
        "narHash": "sha256-ik5c1pSeTwQLoFibApZaIL7KqG4wPAzI7maPb+gqu+Y=",
        "owner": "balsoft",
        "repo": "nixos-fhs-compat",
        "rev": "9f6a67af9c8b63111dc6b277ec313097b6278472",
        "type": "github"
      },
      "original": {
        "owner": "balsoft",
        "repo": "nixos-fhs-compat",
        "type": "github"
      }
    },
    "nixpkgs": {
      "locked": {
        "lastModified": 1779560665,
        "narHash": "sha256-tpyBcxPpcQb8ukyNF7DoCwfSY3VPsxHoYwj00Cayv5o=",
        "owner": "NixOS",
        "repo": "nixpkgs",
        "rev": "64c08a7ca051951c8eae34e3e3cb1e202fe36786",
        "type": "github"
      },
      "original": {
        "owner": "NixOS",
        "ref": "nixos-unstable",
        "repo": "nixpkgs",
        "type": "github"
      }
    },
    "root": {
      "inputs": {
        "microvm": "microvm",
        "nixos-fhs-compat": "nixos-fhs-compat",
        "nixpkgs": "nixpkgs"
      }
    },
    "spectrum": {
      "flake": false,
      "locked": {
        "lastModified": 1778940603,
        "narHash": "sha256-voSM8dZNlaOWN3kbYFky+FNY6fFQOEw0xF+ZMpZKkCQ=",
        "ref": "refs/heads/main",
        "rev": "367dd227f539267eae2b62770b4c17b88ac8c1f1",
        "revCount": 1265,
        "type": "git",
        "url": "https://spectrum-os.org/git/spectrum"
      },
      "original": {
        "type": "git",
        "url": "https://spectrum-os.org/git/spectrum"
      }
    }
  },
  "root": "root",
  "version": 7
}
